// !$*UTF8*$!
{
	archiveVersion = 1;
	classes = {
	};
	objectVersion = 46;
	objects = {

/* Begin PBXBuildFile section */
		971DAECEDB05771ECDC19253 /* Pods_blooTests.framework in Frameworks */ = {isa = PBXBuildFile; fileRef = AA46ADF35ECFC0B51C3AF698 /* Pods_blooTests.framework */; };
		BA07AB511EAF4CF900AA9414 /* VCSignUp.swift in Sources */ = {isa = PBXBuildFile; fileRef = BA07AB501EAF4CF900AA9414 /* VCSignUp.swift */; };
		BA07AB531EAF52EC00AA9414 /* VCSuccessful.swift in Sources */ = {isa = PBXBuildFile; fileRef = BA07AB521EAF52EC00AA9414 /* VCSuccessful.swift */; };
		BA07AB551EAF551900AA9414 /* VCInbox.swift in Sources */ = {isa = PBXBuildFile; fileRef = BA07AB541EAF551900AA9414 /* VCInbox.swift */; };
		BA07AB571EAF555F00AA9414 /* VCMap.swift in Sources */ = {isa = PBXBuildFile; fileRef = BA07AB561EAF555F00AA9414 /* VCMap.swift */; };
		BA07AB591EAF587F00AA9414 /* MapKit.framework in Frameworks */ = {isa = PBXBuildFile; fileRef = BA07AB581EAF587F00AA9414 /* MapKit.framework */; };
		BA07AB5B1EAF94ED00AA9414 /* DataHolder.swift in Sources */ = {isa = PBXBuildFile; fileRef = BA07AB5A1EAF94ED00AA9414 /* DataHolder.swift */; };
		BA07AB5F1EAF98E200AA9414 /* GoogleService-Info.plist in Resources */ = {isa = PBXBuildFile; fileRef = BA07AB5E1EAF98E200AA9414 /* GoogleService-Info.plist */; };
		BA0EB4301EB1E5B800B9D204 /* VCConfig.swift in Sources */ = {isa = PBXBuildFile; fileRef = BA0EB42F1EB1E5B800B9D204 /* VCConfig.swift */; };
		BA636B041EBB4CED004F3FB0 /* VCAdmin.swift in Sources */ = {isa = PBXBuildFile; fileRef = BA636B031EBB4CED004F3FB0 /* VCAdmin.swift */; };
		BA636B081EC1C581004F3FB0 /* ViewAger.xib in Resources */ = {isa = PBXBuildFile; fileRef = BA636B071EC1C581004F3FB0 /* ViewAger.xib */; };
		BA636B0A1EC1C672004F3FB0 /* ViewAger.swift in Sources */ = {isa = PBXBuildFile; fileRef = BA636B091EC1C672004F3FB0 /* ViewAger.swift */; };
		BA9DF7421EAF317E00945680 /* AppDelegate.swift in Sources */ = {isa = PBXBuildFile; fileRef = BA9DF7411EAF317E00945680 /* AppDelegate.swift */; };
		BA9DF7441EAF317E00945680 /* VCLogIn.swift in Sources */ = {isa = PBXBuildFile; fileRef = BA9DF7431EAF317E00945680 /* VCLogIn.swift */; };
		BA9DF7471EAF317E00945680 /* Main.storyboard in Resources */ = {isa = PBXBuildFile; fileRef = BA9DF7451EAF317E00945680 /* Main.storyboard */; };
		BA9DF7491EAF317E00945680 /* Assets.xcassets in Resources */ = {isa = PBXBuildFile; fileRef = BA9DF7481EAF317E00945680 /* Assets.xcassets */; };
		BA9DF74C1EAF317E00945680 /* LaunchScreen.storyboard in Resources */ = {isa = PBXBuildFile; fileRef = BA9DF74A1EAF317E00945680 /* LaunchScreen.storyboard */; };
		BA9DF7571EAF317E00945680 /* blooTests.swift in Sources */ = {isa = PBXBuildFile; fileRef = BA9DF7561EAF317E00945680 /* blooTests.swift */; };
		BA9DF7621EAF317E00945680 /* blooUITests.swift in Sources */ = {isa = PBXBuildFile; fileRef = BA9DF7611EAF317E00945680 /* blooUITests.swift */; };
		D5F48FF71DFE8CA7A6BD54A4 /* Pods_blooUITests.framework in Frameworks */ = {isa = PBXBuildFile; fileRef = D43CAE1C2DBF5C7DF0C53D42 /* Pods_blooUITests.framework */; };
		E7EF987B48E092BB5A461BAD /* Pods_bloo.framework in Frameworks */ = {isa = PBXBuildFile; fileRef = 5A887765DEB799842C79EECF /* Pods_bloo.framework */; };
/* End PBXBuildFile section */

/* Begin PBXContainerItemProxy section */
		BA9DF7531EAF317E00945680 /* PBXContainerItemProxy */ = {
			isa = PBXContainerItemProxy;
			containerPortal = BA9DF7361EAF317E00945680 /* Project object */;
			proxyType = 1;
			remoteGlobalIDString = BA9DF73D1EAF317E00945680;
			remoteInfo = bloo;
		};
		BA9DF75E1EAF317E00945680 /* PBXContainerItemProxy */ = {
			isa = PBXContainerItemProxy;
			containerPortal = BA9DF7361EAF317E00945680 /* Project object */;
			proxyType = 1;
			remoteGlobalIDString = BA9DF73D1EAF317E00945680;
			remoteInfo = bloo;
		};
/* End PBXContainerItemProxy section */

/* Begin PBXFileReference section */
		0A0E821642503BDE16ABBB82 /* Pods-bloo.release.xcconfig */ = {isa = PBXFileReference; includeInIndex = 1; lastKnownFileType = text.xcconfig; name = "Pods-bloo.release.xcconfig"; path = "Pods/Target Support Files/Pods-bloo/Pods-bloo.release.xcconfig"; sourceTree = "<group>"; };
		2114454F689EAD010F14A7E2 /* Pods-blooUITests.debug.xcconfig */ = {isa = PBXFileReference; includeInIndex = 1; lastKnownFileType = text.xcconfig; name = "Pods-blooUITests.debug.xcconfig"; path = "Pods/Target Support Files/Pods-blooUITests/Pods-blooUITests.debug.xcconfig"; sourceTree = "<group>"; };
		2F6AADF968F6A32FAAF32706 /* Pods-blooTests.debug.xcconfig */ = {isa = PBXFileReference; includeInIndex = 1; lastKnownFileType = text.xcconfig; name = "Pods-blooTests.debug.xcconfig"; path = "Pods/Target Support Files/Pods-blooTests/Pods-blooTests.debug.xcconfig"; sourceTree = "<group>"; };
		5A887765DEB799842C79EECF /* Pods_bloo.framework */ = {isa = PBXFileReference; explicitFileType = wrapper.framework; includeInIndex = 0; path = Pods_bloo.framework; sourceTree = BUILT_PRODUCTS_DIR; };
		68F4625FD0773690316DF52D /* Pods-blooTests.release.xcconfig */ = {isa = PBXFileReference; includeInIndex = 1; lastKnownFileType = text.xcconfig; name = "Pods-blooTests.release.xcconfig"; path = "Pods/Target Support Files/Pods-blooTests/Pods-blooTests.release.xcconfig"; sourceTree = "<group>"; };
		AA46ADF35ECFC0B51C3AF698 /* Pods_blooTests.framework */ = {isa = PBXFileReference; explicitFileType = wrapper.framework; includeInIndex = 0; path = Pods_blooTests.framework; sourceTree = BUILT_PRODUCTS_DIR; };
		ACA9A6F7811728E0C8E0A600 /* Pods-bloo.debug.xcconfig */ = {isa = PBXFileReference; includeInIndex = 1; lastKnownFileType = text.xcconfig; name = "Pods-bloo.debug.xcconfig"; path = "Pods/Target Support Files/Pods-bloo/Pods-bloo.debug.xcconfig"; sourceTree = "<group>"; };
		BA07AB501EAF4CF900AA9414 /* VCSignUp.swift */ = {isa = PBXFileReference; fileEncoding = 4; lastKnownFileType = sourcecode.swift; path = VCSignUp.swift; sourceTree = "<group>"; };
		BA07AB521EAF52EC00AA9414 /* VCSuccessful.swift */ = {isa = PBXFileReference; fileEncoding = 4; lastKnownFileType = sourcecode.swift; path = VCSuccessful.swift; sourceTree = "<group>"; };
		BA07AB541EAF551900AA9414 /* VCInbox.swift */ = {isa = PBXFileReference; fileEncoding = 4; lastKnownFileType = sourcecode.swift; path = VCInbox.swift; sourceTree = "<group>"; };
		BA07AB561EAF555F00AA9414 /* VCMap.swift */ = {isa = PBXFileReference; fileEncoding = 4; lastKnownFileType = sourcecode.swift; path = VCMap.swift; sourceTree = "<group>"; };
		BA07AB581EAF587F00AA9414 /* MapKit.framework */ = {isa = PBXFileReference; lastKnownFileType = wrapper.framework; name = MapKit.framework; path = System/Library/Frameworks/MapKit.framework; sourceTree = SDKROOT; };
		BA07AB5A1EAF94ED00AA9414 /* DataHolder.swift */ = {isa = PBXFileReference; fileEncoding = 4; lastKnownFileType = sourcecode.swift; path = DataHolder.swift; sourceTree = "<group>"; };
		BA07AB5E1EAF98E200AA9414 /* GoogleService-Info.plist */ = {isa = PBXFileReference; fileEncoding = 4; lastKnownFileType = text.plist.xml; path = "GoogleService-Info.plist"; sourceTree = "<group>"; };
		BA0EB42F1EB1E5B800B9D204 /* VCConfig.swift */ = {isa = PBXFileReference; fileEncoding = 4; lastKnownFileType = sourcecode.swift; path = VCConfig.swift; sourceTree = "<group>"; };
		BA636B031EBB4CED004F3FB0 /* VCAdmin.swift */ = {isa = PBXFileReference; fileEncoding = 4; lastKnownFileType = sourcecode.swift; path = VCAdmin.swift; sourceTree = "<group>"; };
		BA636B071EC1C581004F3FB0 /* ViewAger.xib */ = {isa = PBXFileReference; fileEncoding = 4; lastKnownFileType = file.xib; path = ViewAger.xib; sourceTree = "<group>"; };
		BA636B091EC1C672004F3FB0 /* ViewAger.swift */ = {isa = PBXFileReference; fileEncoding = 4; lastKnownFileType = sourcecode.swift; path = ViewAger.swift; sourceTree = "<group>"; };
		BA7D33D61ECD8231006A1591 /* bloo.entitlements */ = {isa = PBXFileReference; lastKnownFileType = text.plist.entitlements; path = bloo.entitlements; sourceTree = "<group>"; };
		BA9DF73E1EAF317E00945680 /* bloo.app */ = {isa = PBXFileReference; explicitFileType = wrapper.application; includeInIndex = 0; path = bloo.app; sourceTree = BUILT_PRODUCTS_DIR; };
		BA9DF7411EAF317E00945680 /* AppDelegate.swift */ = {isa = PBXFileReference; lastKnownFileType = sourcecode.swift; path = AppDelegate.swift; sourceTree = "<group>"; };
		BA9DF7431EAF317E00945680 /* VCLogIn.swift */ = {isa = PBXFileReference; lastKnownFileType = sourcecode.swift; path = VCLogIn.swift; sourceTree = "<group>"; };
		BA9DF7461EAF317E00945680 /* Base */ = {isa = PBXFileReference; lastKnownFileType = file.storyboard; name = Base; path = Base.lproj/Main.storyboard; sourceTree = "<group>"; };
		BA9DF7481EAF317E00945680 /* Assets.xcassets */ = {isa = PBXFileReference; lastKnownFileType = folder.assetcatalog; path = Assets.xcassets; sourceTree = "<group>"; };
		BA9DF74B1EAF317E00945680 /* Base */ = {isa = PBXFileReference; lastKnownFileType = file.storyboard; name = Base; path = Base.lproj/LaunchScreen.storyboard; sourceTree = "<group>"; };
		BA9DF74D1EAF317E00945680 /* Info.plist */ = {isa = PBXFileReference; lastKnownFileType = text.plist.xml; path = Info.plist; sourceTree = "<group>"; };
		BA9DF7521EAF317E00945680 /* blooTests.xctest */ = {isa = PBXFileReference; explicitFileType = wrapper.cfbundle; includeInIndex = 0; path = blooTests.xctest; sourceTree = BUILT_PRODUCTS_DIR; };
		BA9DF7561EAF317E00945680 /* blooTests.swift */ = {isa = PBXFileReference; lastKnownFileType = sourcecode.swift; path = blooTests.swift; sourceTree = "<group>"; };
		BA9DF7581EAF317E00945680 /* Info.plist */ = {isa = PBXFileReference; lastKnownFileType = text.plist.xml; path = Info.plist; sourceTree = "<group>"; };
		BA9DF75D1EAF317E00945680 /* blooUITests.xctest */ = {isa = PBXFileReference; explicitFileType = wrapper.cfbundle; includeInIndex = 0; path = blooUITests.xctest; sourceTree = BUILT_PRODUCTS_DIR; };
		BA9DF7611EAF317E00945680 /* blooUITests.swift */ = {isa = PBXFileReference; lastKnownFileType = sourcecode.swift; path = blooUITests.swift; sourceTree = "<group>"; };
		BA9DF7631EAF317E00945680 /* Info.plist */ = {isa = PBXFileReference; lastKnownFileType = text.plist.xml; path = Info.plist; sourceTree = "<group>"; };
		C8DBE17745E2680FF4DA47F9 /* Pods-blooUITests.release.xcconfig */ = {isa = PBXFileReference; includeInIndex = 1; lastKnownFileType = text.xcconfig; name = "Pods-blooUITests.release.xcconfig"; path = "Pods/Target Support Files/Pods-blooUITests/Pods-blooUITests.release.xcconfig"; sourceTree = "<group>"; };
		D43CAE1C2DBF5C7DF0C53D42 /* Pods_blooUITests.framework */ = {isa = PBXFileReference; explicitFileType = wrapper.framework; includeInIndex = 0; path = Pods_blooUITests.framework; sourceTree = BUILT_PRODUCTS_DIR; };
/* End PBXFileReference section */

/* Begin PBXFrameworksBuildPhase section */
		BA9DF73B1EAF317E00945680 /* Frameworks */ = {
			isa = PBXFrameworksBuildPhase;
			buildActionMask = 2147483647;
			files = (
				BA07AB591EAF587F00AA9414 /* MapKit.framework in Frameworks */,
				E7EF987B48E092BB5A461BAD /* Pods_bloo.framework in Frameworks */,
			);
			runOnlyForDeploymentPostprocessing = 0;
		};
		BA9DF74F1EAF317E00945680 /* Frameworks */ = {
			isa = PBXFrameworksBuildPhase;
			buildActionMask = 2147483647;
			files = (
				971DAECEDB05771ECDC19253 /* Pods_blooTests.framework in Frameworks */,
			);
			runOnlyForDeploymentPostprocessing = 0;
		};
		BA9DF75A1EAF317E00945680 /* Frameworks */ = {
			isa = PBXFrameworksBuildPhase;
			buildActionMask = 2147483647;
			files = (
				D5F48FF71DFE8CA7A6BD54A4 /* Pods_blooUITests.framework in Frameworks */,
			);
			runOnlyForDeploymentPostprocessing = 0;
		};
/* End PBXFrameworksBuildPhase section */

/* Begin PBXGroup section */
		A55073556268855F2D685B31 /* Pods */ = {
			isa = PBXGroup;
			children = (
				ACA9A6F7811728E0C8E0A600 /* Pods-bloo.debug.xcconfig */,
				0A0E821642503BDE16ABBB82 /* Pods-bloo.release.xcconfig */,
				2F6AADF968F6A32FAAF32706 /* Pods-blooTests.debug.xcconfig */,
				68F4625FD0773690316DF52D /* Pods-blooTests.release.xcconfig */,
				2114454F689EAD010F14A7E2 /* Pods-blooUITests.debug.xcconfig */,
				C8DBE17745E2680FF4DA47F9 /* Pods-blooUITests.release.xcconfig */,
			);
			name = Pods;
			sourceTree = "<group>";
		};
		BA9DF7351EAF317E00945680 = {
			isa = PBXGroup;
			children = (
				BA9DF7401EAF317E00945680 /* bloo */,
				BA9DF7551EAF317E00945680 /* blooTests */,
				BA9DF7601EAF317E00945680 /* blooUITests */,
				BA9DF73F1EAF317E00945680 /* Products */,
				A55073556268855F2D685B31 /* Pods */,
				D7F60DB8D4E3CAB03386D793 /* Frameworks */,
			);
			sourceTree = "<group>";
		};
		BA9DF73F1EAF317E00945680 /* Products */ = {
			isa = PBXGroup;
			children = (
				BA9DF73E1EAF317E00945680 /* bloo.app */,
				BA9DF7521EAF317E00945680 /* blooTests.xctest */,
				BA9DF75D1EAF317E00945680 /* blooUITests.xctest */,
			);
			name = Products;
			sourceTree = "<group>";
		};
		BA9DF7401EAF317E00945680 /* bloo */ = {
			isa = PBXGroup;
			children = (
				BA7D33D61ECD8231006A1591 /* bloo.entitlements */,
				BA07AB5E1EAF98E200AA9414 /* GoogleService-Info.plist */,
				BA9DF7411EAF317E00945680 /* AppDelegate.swift */,
				BA9DF7431EAF317E00945680 /* VCLogIn.swift */,
				BA9DF7451EAF317E00945680 /* Main.storyboard */,
				BA0EB42F1EB1E5B800B9D204 /* VCConfig.swift */,
				BA9DF7481EAF317E00945680 /* Assets.xcassets */,
				BA9DF74A1EAF317E00945680 /* LaunchScreen.storyboard */,
				BA9DF74D1EAF317E00945680 /* Info.plist */,
				BA07AB501EAF4CF900AA9414 /* VCSignUp.swift */,
				BA07AB521EAF52EC00AA9414 /* VCSuccessful.swift */,
				BA07AB541EAF551900AA9414 /* VCInbox.swift */,
				BA07AB561EAF555F00AA9414 /* VCMap.swift */,
				BA07AB5A1EAF94ED00AA9414 /* DataHolder.swift */,
				BA636B031EBB4CED004F3FB0 /* VCAdmin.swift */,
				BA636B071EC1C581004F3FB0 /* ViewAger.xib */,
				BA636B091EC1C672004F3FB0 /* ViewAger.swift */,
			);
			path = bloo;
			sourceTree = "<group>";
		};
		BA9DF7551EAF317E00945680 /* blooTests */ = {
			isa = PBXGroup;
			children = (
				BA9DF7561EAF317E00945680 /* blooTests.swift */,
				BA9DF7581EAF317E00945680 /* Info.plist */,
			);
			path = blooTests;
			sourceTree = "<group>";
		};
		BA9DF7601EAF317E00945680 /* blooUITests */ = {
			isa = PBXGroup;
			children = (
				BA9DF7611EAF317E00945680 /* blooUITests.swift */,
				BA9DF7631EAF317E00945680 /* Info.plist */,
			);
			path = blooUITests;
			sourceTree = "<group>";
		};
		D7F60DB8D4E3CAB03386D793 /* Frameworks */ = {
			isa = PBXGroup;
			children = (
				BA07AB581EAF587F00AA9414 /* MapKit.framework */,
				5A887765DEB799842C79EECF /* Pods_bloo.framework */,
				AA46ADF35ECFC0B51C3AF698 /* Pods_blooTests.framework */,
				D43CAE1C2DBF5C7DF0C53D42 /* Pods_blooUITests.framework */,
			);
			name = Frameworks;
			sourceTree = "<group>";
		};
/* End PBXGroup section */

/* Begin PBXNativeTarget section */
		BA9DF73D1EAF317E00945680 /* bloo */ = {
			isa = PBXNativeTarget;
			buildConfigurationList = BA9DF7661EAF317E00945680 /* Build configuration list for PBXNativeTarget "bloo" */;
			buildPhases = (
				E578491D3CE274A3335328DD /* [CP] Check Pods Manifest.lock */,
				BA9DF73A1EAF317E00945680 /* Sources */,
				BA9DF73B1EAF317E00945680 /* Frameworks */,
				BA9DF73C1EAF317E00945680 /* Resources */,
				A926A23AAAC1CFBF79BA4E30 /* [CP] Embed Pods Frameworks */,
				1C930569F7F27D86CA528B71 /* [CP] Copy Pods Resources */,
			);
			buildRules = (
			);
			dependencies = (
			);
			name = bloo;
			productName = bloo;
			productReference = BA9DF73E1EAF317E00945680 /* bloo.app */;
			productType = "com.apple.product-type.application";
		};
		BA9DF7511EAF317E00945680 /* blooTests */ = {
			isa = PBXNativeTarget;
			buildConfigurationList = BA9DF7691EAF317E00945680 /* Build configuration list for PBXNativeTarget "blooTests" */;
			buildPhases = (
				7A797198E7E40C84E112714E /* [CP] Check Pods Manifest.lock */,
				BA9DF74E1EAF317E00945680 /* Sources */,
				BA9DF74F1EAF317E00945680 /* Frameworks */,
				BA9DF7501EAF317E00945680 /* Resources */,
				BE437D5CB76A41E4961275E8 /* [CP] Embed Pods Frameworks */,
				2826825327CA08E446D0D59D /* [CP] Copy Pods Resources */,
			);
			buildRules = (
			);
			dependencies = (
				BA9DF7541EAF317E00945680 /* PBXTargetDependency */,
			);
			name = blooTests;
			productName = blooTests;
			productReference = BA9DF7521EAF317E00945680 /* blooTests.xctest */;
			productType = "com.apple.product-type.bundle.unit-test";
		};
		BA9DF75C1EAF317E00945680 /* blooUITests */ = {
			isa = PBXNativeTarget;
			buildConfigurationList = BA9DF76C1EAF317E00945680 /* Build configuration list for PBXNativeTarget "blooUITests" */;
			buildPhases = (
				2A3AFE29CDE153CBF785D6E1 /* [CP] Check Pods Manifest.lock */,
				BA9DF7591EAF317E00945680 /* Sources */,
				BA9DF75A1EAF317E00945680 /* Frameworks */,
				BA9DF75B1EAF317E00945680 /* Resources */,
				884C5FC61C133AB94FF6F228 /* [CP] Embed Pods Frameworks */,
				3760F4B30FAA16A550D39159 /* [CP] Copy Pods Resources */,
			);
			buildRules = (
			);
			dependencies = (
				BA9DF75F1EAF317E00945680 /* PBXTargetDependency */,
			);
			name = blooUITests;
			productName = blooUITests;
			productReference = BA9DF75D1EAF317E00945680 /* blooUITests.xctest */;
			productType = "com.apple.product-type.bundle.ui-testing";
		};
/* End PBXNativeTarget section */

/* Begin PBXProject section */
		BA9DF7361EAF317E00945680 /* Project object */ = {
			isa = PBXProject;
			attributes = {
				LastSwiftUpdateCheck = 0830;
				LastUpgradeCheck = 0830;
				ORGANIZATIONNAME = AppBloo;
				TargetAttributes = {
					BA9DF73D1EAF317E00945680 = {
						CreatedOnToolsVersion = 8.3.2;
						DevelopmentTeam = 86CZ52Y2CQ;
						ProvisioningStyle = Automatic;
						SystemCapabilities = {
							com.apple.BackgroundModes = {
								enabled = 1;
							};
							com.apple.Maps.iOS = {
								enabled = 1;
							};
							com.apple.Push = {
								enabled = 1;
							};
						};
					};
					BA9DF7511EAF317E00945680 = {
						CreatedOnToolsVersion = 8.3.2;
						DevelopmentTeam = 86CZ52Y2CQ;
						ProvisioningStyle = Automatic;
						TestTargetID = BA9DF73D1EAF317E00945680;
					};
					BA9DF75C1EAF317E00945680 = {
						CreatedOnToolsVersion = 8.3.2;
						DevelopmentTeam = 86CZ52Y2CQ;
						ProvisioningStyle = Automatic;
						TestTargetID = BA9DF73D1EAF317E00945680;
					};
				};
			};
			buildConfigurationList = BA9DF7391EAF317E00945680 /* Build configuration list for PBXProject "bloo" */;
			compatibilityVersion = "Xcode 3.2";
			developmentRegion = English;
			hasScannedForEncodings = 0;
			knownRegions = (
				en,
				Base,
			);
			mainGroup = BA9DF7351EAF317E00945680;
			productRefGroup = BA9DF73F1EAF317E00945680 /* Products */;
			projectDirPath = "";
			projectRoot = "";
			targets = (
				BA9DF73D1EAF317E00945680 /* bloo */,
				BA9DF7511EAF317E00945680 /* blooTests */,
				BA9DF75C1EAF317E00945680 /* blooUITests */,
			);
		};
/* End PBXProject section */

/* Begin PBXResourcesBuildPhase section */
		BA9DF73C1EAF317E00945680 /* Resources */ = {
			isa = PBXResourcesBuildPhase;
			buildActionMask = 2147483647;
			files = (
				BA9DF74C1EAF317E00945680 /* LaunchScreen.storyboard in Resources */,
				BA07AB5F1EAF98E200AA9414 /* GoogleService-Info.plist in Resources */,
				BA9DF7491EAF317E00945680 /* Assets.xcassets in Resources */,
				BA9DF7471EAF317E00945680 /* Main.storyboard in Resources */,
				BA636B081EC1C581004F3FB0 /* ViewAger.xib in Resources */,
			);
			runOnlyForDeploymentPostprocessing = 0;
		};
		BA9DF7501EAF317E00945680 /* Resources */ = {
			isa = PBXResourcesBuildPhase;
			buildActionMask = 2147483647;
			files = (
			);
			runOnlyForDeploymentPostprocessing = 0;
		};
		BA9DF75B1EAF317E00945680 /* Resources */ = {
			isa = PBXResourcesBuildPhase;
			buildActionMask = 2147483647;
			files = (
			);
			runOnlyForDeploymentPostprocessing = 0;
		};
/* End PBXResourcesBuildPhase section */

/* Begin PBXShellScriptBuildPhase section */
		1C930569F7F27D86CA528B71 /* [CP] Copy Pods Resources */ = {
			isa = PBXShellScriptBuildPhase;
			buildActionMask = 2147483647;
			files = (
			);
			inputPaths = (
			);
			name = "[CP] Copy Pods Resources";
			outputPaths = (
			);
			runOnlyForDeploymentPostprocessing = 0;
			shellPath = /bin/sh;
			shellScript = "\"${SRCROOT}/Pods/Target Support Files/Pods-bloo/Pods-bloo-resources.sh\"\n";
			showEnvVarsInLog = 0;
		};
		2826825327CA08E446D0D59D /* [CP] Copy Pods Resources */ = {
			isa = PBXShellScriptBuildPhase;
			buildActionMask = 2147483647;
			files = (
			);
			inputPaths = (
			);
			name = "[CP] Copy Pods Resources";
			outputPaths = (
			);
			runOnlyForDeploymentPostprocessing = 0;
			shellPath = /bin/sh;
			shellScript = "\"${SRCROOT}/Pods/Target Support Files/Pods-blooTests/Pods-blooTests-resources.sh\"\n";
			showEnvVarsInLog = 0;
		};
		2A3AFE29CDE153CBF785D6E1 /* [CP] Check Pods Manifest.lock */ = {
			isa = PBXShellScriptBuildPhase;
			buildActionMask = 2147483647;
			files = (
			);
			inputPaths = (
			);
			name = "[CP] Check Pods Manifest.lock";
			outputPaths = (
			);
			runOnlyForDeploymentPostprocessing = 0;
			shellPath = /bin/sh;
			shellScript = "diff \"${PODS_ROOT}/../Podfile.lock\" \"${PODS_ROOT}/Manifest.lock\" > /dev/null\nif [ $? != 0 ] ; then\n    # print error to STDERR\n    echo \"error: The sandbox is not in sync with the Podfile.lock. Run 'pod install' or update your CocoaPods installation.\" >&2\n    exit 1\nfi\n";
			showEnvVarsInLog = 0;
		};
		3760F4B30FAA16A550D39159 /* [CP] Copy Pods Resources */ = {
			isa = PBXShellScriptBuildPhase;
			buildActionMask = 2147483647;
			files = (
			);
			inputPaths = (
			);
			name = "[CP] Copy Pods Resources";
			outputPaths = (
			);
			runOnlyForDeploymentPostprocessing = 0;
			shellPath = /bin/sh;
			shellScript = "\"${SRCROOT}/Pods/Target Support Files/Pods-blooUITests/Pods-blooUITests-resources.sh\"\n";
			showEnvVarsInLog = 0;
		};
		7A797198E7E40C84E112714E /* [CP] Check Pods Manifest.lock */ = {
			isa = PBXShellScriptBuildPhase;
			buildActionMask = 2147483647;
			files = (
			);
			inputPaths = (
			);
			name = "[CP] Check Pods Manifest.lock";
			outputPaths = (
			);
			runOnlyForDeploymentPostprocessing = 0;
			shellPath = /bin/sh;
			shellScript = "diff \"${PODS_ROOT}/../Podfile.lock\" \"${PODS_ROOT}/Manifest.lock\" > /dev/null\nif [ $? != 0 ] ; then\n    # print error to STDERR\n    echo \"error: The sandbox is not in sync with the Podfile.lock. Run 'pod install' or update your CocoaPods installation.\" >&2\n    exit 1\nfi\n";
			showEnvVarsInLog = 0;
		};
		884C5FC61C133AB94FF6F228 /* [CP] Embed Pods Frameworks */ = {
			isa = PBXShellScriptBuildPhase;
			buildActionMask = 2147483647;
			files = (
			);
			inputPaths = (
			);
			name = "[CP] Embed Pods Frameworks";
			outputPaths = (
			);
			runOnlyForDeploymentPostprocessing = 0;
			shellPath = /bin/sh;
			shellScript = "\"${SRCROOT}/Pods/Target Support Files/Pods-blooUITests/Pods-blooUITests-frameworks.sh\"\n";
			showEnvVarsInLog = 0;
		};
		A926A23AAAC1CFBF79BA4E30 /* [CP] Embed Pods Frameworks */ = {
			isa = PBXShellScriptBuildPhase;
			buildActionMask = 2147483647;
			files = (
			);
			inputPaths = (
			);
			name = "[CP] Embed Pods Frameworks";
			outputPaths = (
			);
			runOnlyForDeploymentPostprocessing = 0;
			shellPath = /bin/sh;
			shellScript = "\"${SRCROOT}/Pods/Target Support Files/Pods-bloo/Pods-bloo-frameworks.sh\"\n";
			showEnvVarsInLog = 0;
		};
		BE437D5CB76A41E4961275E8 /* [CP] Embed Pods Frameworks */ = {
			isa = PBXShellScriptBuildPhase;
			buildActionMask = 2147483647;
			files = (
			);
			inputPaths = (
			);
			name = "[CP] Embed Pods Frameworks";
			outputPaths = (
			);
			runOnlyForDeploymentPostprocessing = 0;
			shellPath = /bin/sh;
			shellScript = "\"${SRCROOT}/Pods/Target Support Files/Pods-blooTests/Pods-blooTests-frameworks.sh\"\n";
			showEnvVarsInLog = 0;
		};
		E578491D3CE274A3335328DD /* [CP] Check Pods Manifest.lock */ = {
			isa = PBXShellScriptBuildPhase;
			buildActionMask = 2147483647;
			files = (
			);
			inputPaths = (
			);
			name = "[CP] Check Pods Manifest.lock";
			outputPaths = (
			);
			runOnlyForDeploymentPostprocessing = 0;
			shellPath = /bin/sh;
			shellScript = "diff \"${PODS_ROOT}/../Podfile.lock\" \"${PODS_ROOT}/Manifest.lock\" > /dev/null\nif [ $? != 0 ] ; then\n    # print error to STDERR\n    echo \"error: The sandbox is not in sync with the Podfile.lock. Run 'pod install' or update your CocoaPods installation.\" >&2\n    exit 1\nfi\n";
			showEnvVarsInLog = 0;
		};
/* End PBXShellScriptBuildPhase section */

/* Begin PBXSourcesBuildPhase section */
		BA9DF73A1EAF317E00945680 /* Sources */ = {
			isa = PBXSourcesBuildPhase;
			buildActionMask = 2147483647;
			files = (
				BA0EB4301EB1E5B800B9D204 /* VCConfig.swift in Sources */,
				BA9DF7441EAF317E00945680 /* VCLogIn.swift in Sources */,
				BA636B041EBB4CED004F3FB0 /* VCAdmin.swift in Sources */,
				BA636B0A1EC1C672004F3FB0 /* ViewAger.swift in Sources */,
				BA07AB551EAF551900AA9414 /* VCInbox.swift in Sources */,
				BA07AB511EAF4CF900AA9414 /* VCSignUp.swift in Sources */,
				BA07AB531EAF52EC00AA9414 /* VCSuccessful.swift in Sources */,
				BA9DF7421EAF317E00945680 /* AppDelegate.swift in Sources */,
				BA07AB5B1EAF94ED00AA9414 /* DataHolder.swift in Sources */,
				BA07AB571EAF555F00AA9414 /* VCMap.swift in Sources */,
			);
			runOnlyForDeploymentPostprocessing = 0;
		};
		BA9DF74E1EAF317E00945680 /* Sources */ = {
			isa = PBXSourcesBuildPhase;
			buildActionMask = 2147483647;
			files = (
				BA9DF7571EAF317E00945680 /* blooTests.swift in Sources */,
			);
			runOnlyForDeploymentPostprocessing = 0;
		};
		BA9DF7591EAF317E00945680 /* Sources */ = {
			isa = PBXSourcesBuildPhase;
			buildActionMask = 2147483647;
			files = (
				BA9DF7621EAF317E00945680 /* blooUITests.swift in Sources */,
			);
			runOnlyForDeploymentPostprocessing = 0;
		};
/* End PBXSourcesBuildPhase section */

/* Begin PBXTargetDependency section */
		BA9DF7541EAF317E00945680 /* PBXTargetDependency */ = {
			isa = PBXTargetDependency;
			target = BA9DF73D1EAF317E00945680 /* bloo */;
			targetProxy = BA9DF7531EAF317E00945680 /* PBXContainerItemProxy */;
		};
		BA9DF75F1EAF317E00945680 /* PBXTargetDependency */ = {
			isa = PBXTargetDependency;
			target = BA9DF73D1EAF317E00945680 /* bloo */;
			targetProxy = BA9DF75E1EAF317E00945680 /* PBXContainerItemProxy */;
		};
/* End PBXTargetDependency section */

/* Begin PBXVariantGroup section */
		BA9DF7451EAF317E00945680 /* Main.storyboard */ = {
			isa = PBXVariantGroup;
			children = (
				BA9DF7461EAF317E00945680 /* Base */,
			);
			name = Main.storyboard;
			sourceTree = "<group>";
		};
		BA9DF74A1EAF317E00945680 /* LaunchScreen.storyboard */ = {
			isa = PBXVariantGroup;
			children = (
				BA9DF74B1EAF317E00945680 /* Base */,
			);
			name = LaunchScreen.storyboard;
			sourceTree = "<group>";
		};
/* End PBXVariantGroup section */

/* Begin XCBuildConfiguration section */
		BA9DF7641EAF317E00945680 /* Debug */ = {
			isa = XCBuildConfiguration;
			buildSettings = {
				ALWAYS_SEARCH_USER_PATHS = NO;
				CLANG_ANALYZER_NONNULL = YES;
				CLANG_ANALYZER_NUMBER_OBJECT_CONVERSION = YES_AGGRESSIVE;
				CLANG_CXX_LANGUAGE_STANDARD = "gnu++0x";
				CLANG_CXX_LIBRARY = "libc++";
				CLANG_ENABLE_MODULES = YES;
				CLANG_ENABLE_OBJC_ARC = YES;
				CLANG_WARN_BOOL_CONVERSION = YES;
				CLANG_WARN_CONSTANT_CONVERSION = YES;
				CLANG_WARN_DIRECT_OBJC_ISA_USAGE = YES_ERROR;
				CLANG_WARN_DOCUMENTATION_COMMENTS = YES;
				CLANG_WARN_EMPTY_BODY = YES;
				CLANG_WARN_ENUM_CONVERSION = YES;
				CLANG_WARN_INFINITE_RECURSION = YES;
				CLANG_WARN_INT_CONVERSION = YES;
				CLANG_WARN_OBJC_ROOT_CLASS = YES_ERROR;
				CLANG_WARN_SUSPICIOUS_MOVE = YES;
				CLANG_WARN_UNREACHABLE_CODE = YES;
				CLANG_WARN__DUPLICATE_METHOD_MATCH = YES;
				"CODE_SIGN_IDENTITY[sdk=iphoneos*]" = "iPhone Developer";
				COPY_PHASE_STRIP = NO;
				DEBUG_INFORMATION_FORMAT = dwarf;
				ENABLE_STRICT_OBJC_MSGSEND = YES;
				ENABLE_TESTABILITY = YES;
				GCC_C_LANGUAGE_STANDARD = gnu99;
				GCC_DYNAMIC_NO_PIC = NO;
				GCC_NO_COMMON_BLOCKS = YES;
				GCC_OPTIMIZATION_LEVEL = 0;
				GCC_PREPROCESSOR_DEFINITIONS = (
					"DEBUG=1",
					"$(inherited)",
				);
				GCC_WARN_64_TO_32_BIT_CONVERSION = YES;
				GCC_WARN_ABOUT_RETURN_TYPE = YES_ERROR;
				GCC_WARN_UNDECLARED_SELECTOR = YES;
				GCC_WARN_UNINITIALIZED_AUTOS = YES_AGGRESSIVE;
				GCC_WARN_UNUSED_FUNCTION = YES;
				GCC_WARN_UNUSED_VARIABLE = YES;
				IPHONEOS_DEPLOYMENT_TARGET = 10.3;
				MTL_ENABLE_DEBUG_INFO = YES;
				ONLY_ACTIVE_ARCH = YES;
				SDKROOT = iphoneos;
				SWIFT_ACTIVE_COMPILATION_CONDITIONS = DEBUG;
				SWIFT_OPTIMIZATION_LEVEL = "-Onone";
				TARGETED_DEVICE_FAMILY = "1,2";
			};
			name = Debug;
		};
		BA9DF7651EAF317E00945680 /* Release */ = {
			isa = XCBuildConfiguration;
			buildSettings = {
				ALWAYS_SEARCH_USER_PATHS = NO;
				CLANG_ANALYZER_NONNULL = YES;
				CLANG_ANALYZER_NUMBER_OBJECT_CONVERSION = YES_AGGRESSIVE;
				CLANG_CXX_LANGUAGE_STANDARD = "gnu++0x";
				CLANG_CXX_LIBRARY = "libc++";
				CLANG_ENABLE_MODULES = YES;
				CLANG_ENABLE_OBJC_ARC = YES;
				CLANG_WARN_BOOL_CONVERSION = YES;
				CLANG_WARN_CONSTANT_CONVERSION = YES;
				CLANG_WARN_DIRECT_OBJC_ISA_USAGE = YES_ERROR;
				CLANG_WARN_DOCUMENTATION_COMMENTS = YES;
				CLANG_WARN_EMPTY_BODY = YES;
				CLANG_WARN_ENUM_CONVERSION = YES;
				CLANG_WARN_INFINITE_RECURSION = YES;
				CLANG_WARN_INT_CONVERSION = YES;
				CLANG_WARN_OBJC_ROOT_CLASS = YES_ERROR;
				CLANG_WARN_SUSPICIOUS_MOVE = YES;
				CLANG_WARN_UNREACHABLE_CODE = YES;
				CLANG_WARN__DUPLICATE_METHOD_MATCH = YES;
				"CODE_SIGN_IDENTITY[sdk=iphoneos*]" = "iPhone Developer";
				COPY_PHASE_STRIP = NO;
				DEBUG_INFORMATION_FORMAT = "dwarf-with-dsym";
				ENABLE_NS_ASSERTIONS = NO;
				ENABLE_STRICT_OBJC_MSGSEND = YES;
				GCC_C_LANGUAGE_STANDARD = gnu99;
				GCC_NO_COMMON_BLOCKS = YES;
				GCC_WARN_64_TO_32_BIT_CONVERSION = YES;
				GCC_WARN_ABOUT_RETURN_TYPE = YES_ERROR;
				GCC_WARN_UNDECLARED_SELECTOR = YES;
				GCC_WARN_UNINITIALIZED_AUTOS = YES_AGGRESSIVE;
				GCC_WARN_UNUSED_FUNCTION = YES;
				GCC_WARN_UNUSED_VARIABLE = YES;
				IPHONEOS_DEPLOYMENT_TARGET = 10.3;
				MTL_ENABLE_DEBUG_INFO = NO;
				SDKROOT = iphoneos;
				SWIFT_OPTIMIZATION_LEVEL = "-Owholemodule";
				TARGETED_DEVICE_FAMILY = "1,2";
				VALIDATE_PRODUCT = YES;
			};
			name = Release;
		};
		BA9DF7671EAF317E00945680 /* Debug */ = {
			isa = XCBuildConfiguration;
			baseConfigurationReference = ACA9A6F7811728E0C8E0A600 /* Pods-bloo.debug.xcconfig */;
			buildSettings = {
				ASSETCATALOG_COMPILER_APPICON_NAME = AppIcon;
				CODE_SIGN_ENTITLEMENTS = bloo/bloo.entitlements;
				DEVELOPMENT_TEAM = 86CZ52Y2CQ;
				INFOPLIST_FILE = bloo/Info.plist;
				LD_RUNPATH_SEARCH_PATHS = "$(inherited) @executable_path/Frameworks";
				PRODUCT_BUNDLE_IDENTIFIER = appBloo.bloo;
				PRODUCT_NAME = "$(TARGET_NAME)";
				SWIFT_VERSION = 3.0;
			};
			name = Debug;
		};
		BA9DF7681EAF317E00945680 /* Release */ = {
			isa = XCBuildConfiguration;
			baseConfigurationReference = 0A0E821642503BDE16ABBB82 /* Pods-bloo.release.xcconfig */;
			buildSettings = {
				ASSETCATALOG_COMPILER_APPICON_NAME = AppIcon;
				CODE_SIGN_ENTITLEMENTS = bloo/bloo.entitlements;
				DEVELOPMENT_TEAM = 86CZ52Y2CQ;
				INFOPLIST_FILE = bloo/Info.plist;
				LD_RUNPATH_SEARCH_PATHS = "$(inherited) @executable_path/Frameworks";
				PRODUCT_BUNDLE_IDENTIFIER = appBloo.bloo;
				PRODUCT_NAME = "$(TARGET_NAME)";
				SWIFT_VERSION = 3.0;
			};
			name = Release;
		};
		BA9DF76A1EAF317E00945680 /* Debug */ = {
			isa = XCBuildConfiguration;
			baseConfigurationReference = 2F6AADF968F6A32FAAF32706 /* Pods-blooTests.debug.xcconfig */;
			buildSettings = {
				ALWAYS_EMBED_SWIFT_STANDARD_LIBRARIES = YES;
				BUNDLE_LOADER = "$(TEST_HOST)";
				DEVELOPMENT_TEAM = 86CZ52Y2CQ;
				INFOPLIST_FILE = blooTests/Info.plist;
				LD_RUNPATH_SEARCH_PATHS = "$(inherited) @executable_path/Frameworks @loader_path/Frameworks";
				PRODUCT_BUNDLE_IDENTIFIER = appBloo.blooTests;
				PRODUCT_NAME = "$(TARGET_NAME)";
				SWIFT_VERSION = 3.0;
				TEST_HOST = "$(BUILT_PRODUCTS_DIR)/bloo.app/bloo";
			};
			name = Debug;
		};
		BA9DF76B1EAF317E00945680 /* Release */ = {
			isa = XCBuildConfiguration;
			baseConfigurationReference = 68F4625FD0773690316DF52D /* Pods-blooTests.release.xcconfig */;
			buildSettings = {
				ALWAYS_EMBED_SWIFT_STANDARD_LIBRARIES = YES;
				BUNDLE_LOADER = "$(TEST_HOST)";
				DEVELOPMENT_TEAM = 86CZ52Y2CQ;
				INFOPLIST_FILE = blooTests/Info.plist;
				LD_RUNPATH_SEARCH_PATHS = "$(inherited) @executable_path/Frameworks @loader_path/Frameworks";
				PRODUCT_BUNDLE_IDENTIFIER = appBloo.blooTests;
				PRODUCT_NAME = "$(TARGET_NAME)";
				SWIFT_VERSION = 3.0;
				TEST_HOST = "$(BUILT_PRODUCTS_DIR)/bloo.app/bloo";
			};
			name = Release;
		};
		BA9DF76D1EAF317E00945680 /* Debug */ = {
			isa = XCBuildConfiguration;
			baseConfigurationReference = 2114454F689EAD010F14A7E2 /* Pods-blooUITests.debug.xcconfig */;
			buildSettings = {
				ALWAYS_EMBED_SWIFT_STANDARD_LIBRARIES = YES;
				DEVELOPMENT_TEAM = 86CZ52Y2CQ;
				INFOPLIST_FILE = blooUITests/Info.plist;
				LD_RUNPATH_SEARCH_PATHS = "$(inherited) @executable_path/Frameworks @loader_path/Frameworks";
				PRODUCT_BUNDLE_IDENTIFIER = appBloo.blooUITests;
				PRODUCT_NAME = "$(TARGET_NAME)";
				SWIFT_VERSION = 3.0;
				TEST_TARGET_NAME = bloo;
			};
			name = Debug;
		};
		BA9DF76E1EAF317E00945680 /* Release */ = {
			isa = XCBuildConfiguration;
			baseConfigurationReference = C8DBE17745E2680FF4DA47F9 /* Pods-blooUITests.release.xcconfig */;
			buildSettings = {
				ALWAYS_EMBED_SWIFT_STANDARD_LIBRARIES = YES;
				DEVELOPMENT_TEAM = 86CZ52Y2CQ;
				INFOPLIST_FILE = blooUITests/Info.plist;
				LD_RUNPATH_SEARCH_PATHS = "$(inherited) @executable_path/Frameworks @loader_path/Frameworks";
				PRODUCT_BUNDLE_IDENTIFIER = appBloo.blooUITests;
				PRODUCT_NAME = "$(TARGET_NAME)";
				SWIFT_VERSION = 3.0;
				TEST_TARGET_NAME = bloo;
			};
			name = Release;
		};
/* End XCBuildConfiguration section */

/* Begin XCConfigurationList section */
		BA9DF7391EAF317E00945680 /* Build configuration list for PBXProject "bloo" */ = {
			isa = XCConfigurationList;
			buildConfigurations = (
				BA9DF7641EAF317E00945680 /* Debug */,
				BA9DF7651EAF317E00945680 /* Release */,
			);
			defaultConfigurationIsVisible = 0;
			defaultConfigurationName = Release;
		};
		BA9DF7661EAF317E00945680 /* Build configuration list for PBXNativeTarget "bloo" */ = {
			isa = XCConfigurationList;
			buildConfigurations = (
				BA9DF7671EAF317E00945680 /* Debug */,
				BA9DF7681EAF317E00945680 /* Release */,
			);
			defaultConfigurationIsVisible = 0;
			defaultConfigurationName = Release;
		};
		BA9DF7691EAF317E00945680 /* Build configuration list for PBXNativeTarget "blooTests" */ = {
			isa = XCConfigurationList;
			buildConfigurations = (
				BA9DF76A1EAF317E00945680 /* Debug */,
				BA9DF76B1EAF317E00945680 /* Release */,
			);
			defaultConfigurationIsVisible = 0;
			defaultConfigurationName = Release;
		};
		BA9DF76C1EAF317E00945680 /* Build configuration list for PBXNativeTarget "blooUITests" */ = {
			isa = XCConfigurationList;
			buildConfigurations = (
				BA9DF76D1EAF317E00945680 /* Debug */,
				BA9DF76E1EAF317E00945680 /* Release */,
			);
			defaultConfigurationIsVisible = 0;
			defaultConfigurationName = Release;
		};
/* End XCConfigurationList section */
	};
	rootObject = BA9DF7361EAF317E00945680 /* Project object */;
}
